// !$*UTF8*$!
{
	archiveVersion = 1;
	classes = {
	};
	objectVersion = 50;
	objects = {

/* Begin PBXBuildFile section */
		8616CACC2433C02D0074ED0E /* Texture.cpp in Sources */ = {isa = PBXBuildFile; fileRef = 8616CACB2433C02D0074ED0E /* Texture.cpp */; };
		8616CAD0243661A00074ED0E /* Camera.cpp in Sources */ = {isa = PBXBuildFile; fileRef = 8616CACF243661A00074ED0E /* Camera.cpp */; };
		864BA48223D6BAD000D40423 /* libGLEW.2.1.0.dylib in Frameworks */ = {isa = PBXBuildFile; fileRef = 864BA48123D6BAD000D40423 /* libGLEW.2.1.0.dylib */; settings = {ATTRIBUTES = (Required, ); }; };
		864BA48423D6BB5F00D40423 /* libglfw.3.3.dylib in Frameworks */ = {isa = PBXBuildFile; fileRef = 864BA48323D6BB5F00D40423 /* libglfw.3.3.dylib */; };
		864BD19F2411AF1400FBB211 /* image_helper.c in Sources */ = {isa = PBXBuildFile; fileRef = 864BD18A2411AF1400FBB211 /* image_helper.c */; };
		864BD1A02411AF1400FBB211 /* image_DXT.c in Sources */ = {isa = PBXBuildFile; fileRef = 864BD18E2411AF1400FBB211 /* image_DXT.c */; };
		864BD1A12411AF1400FBB211 /* SOIL2.c in Sources */ = {isa = PBXBuildFile; fileRef = 864BD1902411AF1400FBB211 /* SOIL2.c */; };
		864BD1A22411AF1400FBB211 /* wfETC.c in Sources */ = {isa = PBXBuildFile; fileRef = 864BD19A2411AF1400FBB211 /* wfETC.c */; };
		8650E91D23D6A772005661CB /* main.cpp in Sources */ = {isa = PBXBuildFile; fileRef = 8650E91C23D6A772005661CB /* main.cpp */; };
		8650E92523D6A7E2005661CB /* OpenGL.framework in Frameworks */ = {isa = PBXBuildFile; fileRef = 8650E92423D6A7E2005661CB /* OpenGL.framework */; };
		8657006223E9DF39002F4BF5 /* Resources in Copy Files */ = {isa = PBXBuildFile; fileRef = 8657005F23E921FA002F4BF5 /* Resources */; };
		86666E002458AED1008DD682 /* Block.cpp in Sources */ = {isa = PBXBuildFile; fileRef = 86666DFF2458AED1008DD682 /* Block.cpp */; };
		866BF8E32417137F00D092C5 /* Window.cpp in Sources */ = {isa = PBXBuildFile; fileRef = 866BF8E22417137F00D092C5 /* Window.cpp */; };
/* End PBXBuildFile section */

/* Begin PBXCopyFilesBuildPhase section */
		8650E91723D6A772005661CB /* CopyFiles */ = {
			isa = PBXCopyFilesBuildPhase;
			buildActionMask = 2147483647;
			dstPath = /usr/share/man/man1/;
			dstSubfolderSpec = 0;
			files = (
			);
			runOnlyForDeploymentPostprocessing = 1;
		};
		8657006023E9221F002F4BF5 /* Copy Files */ = {
			isa = PBXCopyFilesBuildPhase;
			buildActionMask = 2147483647;
			dstPath = "";
			dstSubfolderSpec = 7;
			files = (
				8657006223E9DF39002F4BF5 /* Resources in Copy Files */,
			);
			name = "Copy Files";
			runOnlyForDeploymentPostprocessing = 0;
		};
/* End PBXCopyFilesBuildPhase section */

/* Begin PBXFileReference section */
		8616CACB2433C02D0074ED0E /* Texture.cpp */ = {isa = PBXFileReference; lastKnownFileType = sourcecode.cpp.cpp; path = Texture.cpp; sourceTree = "<group>"; };
		8616CACD2433C0390074ED0E /* Texture.h */ = {isa = PBXFileReference; lastKnownFileType = sourcecode.c.h; path = Texture.h; sourceTree = "<group>"; };
		8616CACE243661540074ED0E /* Camera.h */ = {isa = PBXFileReference; lastKnownFileType = sourcecode.c.h; path = Camera.h; sourceTree = "<group>"; };
		8616CACF243661A00074ED0E /* Camera.cpp */ = {isa = PBXFileReference; lastKnownFileType = sourcecode.cpp.cpp; path = Camera.cpp; sourceTree = "<group>"; };
		864BA48123D6BAD000D40423 /* libGLEW.2.1.0.dylib */ = {isa = PBXFileReference; lastKnownFileType = "compiled.mach-o.dylib"; name = libGLEW.2.1.0.dylib; path = ../../../../usr/local/Cellar/glew/2.1.0_1/lib/libGLEW.2.1.0.dylib; sourceTree = "<group>"; };
		864BA48323D6BB5F00D40423 /* libglfw.3.3.dylib */ = {isa = PBXFileReference; lastKnownFileType = "compiled.mach-o.dylib"; name = libglfw.3.3.dylib; path = ../../../../usr/local/Cellar/glfw/3.3.1/lib/libglfw.3.3.dylib; sourceTree = "<group>"; };
		864BD18A2411AF1400FBB211 /* image_helper.c */ = {isa = PBXFileReference; fileEncoding = 4; lastKnownFileType = sourcecode.c.c; path = image_helper.c; sourceTree = "<group>"; };
		864BD18B2411AF1400FBB211 /* stbi_pkm.h */ = {isa = PBXFileReference; fileEncoding = 4; lastKnownFileType = sourcecode.c.h; path = stbi_pkm.h; sourceTree = "<group>"; };
		864BD18C2411AF1400FBB211 /* jo_jpeg.h */ = {isa = PBXFileReference; fileEncoding = 4; lastKnownFileType = sourcecode.c.h; path = jo_jpeg.h; sourceTree = "<group>"; };
		864BD18D2411AF1400FBB211 /* wfETC.h */ = {isa = PBXFileReference; fileEncoding = 4; lastKnownFileType = sourcecode.c.h; path = wfETC.h; sourceTree = "<group>"; };
		864BD18E2411AF1400FBB211 /* image_DXT.c */ = {isa = PBXFileReference; fileEncoding = 4; lastKnownFileType = sourcecode.c.c; path = image_DXT.c; sourceTree = "<group>"; };
		864BD18F2411AF1400FBB211 /* stb_image_write.h */ = {isa = PBXFileReference; fileEncoding = 4; lastKnownFileType = sourcecode.c.h; path = stb_image_write.h; sourceTree = "<group>"; };
		864BD1902411AF1400FBB211 /* SOIL2.c */ = {isa = PBXFileReference; fileEncoding = 4; lastKnownFileType = sourcecode.c.c; path = SOIL2.c; sourceTree = "<group>"; };
		864BD1912411AF1400FBB211 /* pkm_helper.h */ = {isa = PBXFileReference; fileEncoding = 4; lastKnownFileType = sourcecode.c.h; path = pkm_helper.h; sourceTree = "<group>"; };
		864BD1922411AF1400FBB211 /* stbi_DDS_c.h */ = {isa = PBXFileReference; fileEncoding = 4; lastKnownFileType = sourcecode.c.h; path = stbi_DDS_c.h; sourceTree = "<group>"; };
		864BD1932411AF1400FBB211 /* stbi_pvr.h */ = {isa = PBXFileReference; fileEncoding = 4; lastKnownFileType = sourcecode.c.h; path = stbi_pvr.h; sourceTree = "<group>"; };
		864BD1942411AF1400FBB211 /* stbi_ext.h */ = {isa = PBXFileReference; fileEncoding = 4; lastKnownFileType = sourcecode.c.h; path = stbi_ext.h; sourceTree = "<group>"; };
		864BD1952411AF1400FBB211 /* stb_image.h */ = {isa = PBXFileReference; fileEncoding = 4; lastKnownFileType = sourcecode.c.h; path = stb_image.h; sourceTree = "<group>"; };
		864BD1962411AF1400FBB211 /* stbi_pvr_c.h */ = {isa = PBXFileReference; fileEncoding = 4; lastKnownFileType = sourcecode.c.h; path = stbi_pvr_c.h; sourceTree = "<group>"; };
		864BD1972411AF1400FBB211 /* stbi_ext_c.h */ = {isa = PBXFileReference; fileEncoding = 4; lastKnownFileType = sourcecode.c.h; path = stbi_ext_c.h; sourceTree = "<group>"; };
		864BD1982411AF1400FBB211 /* image_helper.h */ = {isa = PBXFileReference; fileEncoding = 4; lastKnownFileType = sourcecode.c.h; path = image_helper.h; sourceTree = "<group>"; };
		864BD1992411AF1400FBB211 /* SOIL2.h */ = {isa = PBXFileReference; fileEncoding = 4; lastKnownFileType = sourcecode.c.h; path = SOIL2.h; sourceTree = "<group>"; };
		864BD19A2411AF1400FBB211 /* wfETC.c */ = {isa = PBXFileReference; fileEncoding = 4; lastKnownFileType = sourcecode.c.c; path = wfETC.c; sourceTree = "<group>"; };
		864BD19B2411AF1400FBB211 /* image_DXT.h */ = {isa = PBXFileReference; fileEncoding = 4; lastKnownFileType = sourcecode.c.h; path = image_DXT.h; sourceTree = "<group>"; };
		864BD19C2411AF1400FBB211 /* stbi_pkm_c.h */ = {isa = PBXFileReference; fileEncoding = 4; lastKnownFileType = sourcecode.c.h; path = stbi_pkm_c.h; sourceTree = "<group>"; };
		864BD19D2411AF1400FBB211 /* stbi_DDS.h */ = {isa = PBXFileReference; fileEncoding = 4; lastKnownFileType = sourcecode.c.h; path = stbi_DDS.h; sourceTree = "<group>"; };
		864BD19E2411AF1400FBB211 /* pvr_helper.h */ = {isa = PBXFileReference; fileEncoding = 4; lastKnownFileType = sourcecode.c.h; path = pvr_helper.h; sourceTree = "<group>"; };
		8650E91923D6A772005661CB /* GLFW Opengl */ = {isa = PBXFileReference; explicitFileType = "compiled.mach-o.executable"; includeInIndex = 0; path = "GLFW Opengl"; sourceTree = BUILT_PRODUCTS_DIR; };
		8650E91C23D6A772005661CB /* main.cpp */ = {isa = PBXFileReference; lastKnownFileType = sourcecode.cpp.cpp; path = main.cpp; sourceTree = "<group>"; };
		8650E92423D6A7E2005661CB /* OpenGL.framework */ = {isa = PBXFileReference; lastKnownFileType = wrapper.framework; name = OpenGL.framework; path = System/Library/Frameworks/OpenGL.framework; sourceTree = SDKROOT; };
		8657005F23E921FA002F4BF5 /* Resources */ = {isa = PBXFileReference; lastKnownFileType = folder; path = Resources; sourceTree = "<group>"; };
		86584C15244E2EA4008136FD /* glm */ = {isa = PBXFileReference; lastKnownFileType = folder; name = glm; path = ../GLFOLDER/glm; sourceTree = "<group>"; };
		86584C17244E310F008136FD /* glm */ = {isa = PBXFileReference; lastKnownFileType = folder; path = glm; sourceTree = "<group>"; };
		86666DFE2458A6DA008DD682 /* Block.h */ = {isa = PBXFileReference; lastKnownFileType = sourcecode.c.h; path = Block.h; sourceTree = "<group>"; };
		86666DFF2458AED1008DD682 /* Block.cpp */ = {isa = PBXFileReference; lastKnownFileType = sourcecode.cpp.cpp; path = Block.cpp; sourceTree = "<group>"; };
		866BF8D824169B5C00D092C5 /* Header-Files */ = {isa = PBXFileReference; lastKnownFileType = folder; path = "Header-Files"; sourceTree = "<group>"; };
		866BF8D924169B6500D092C5 /* Spec-Files */ = {isa = PBXFileReference; lastKnownFileType = folder; path = "Spec-Files"; sourceTree = "<group>"; };
		866BF8E22417137F00D092C5 /* Window.cpp */ = {isa = PBXFileReference; lastKnownFileType = sourcecode.cpp.cpp; path = Window.cpp; sourceTree = "<group>"; };
		866BF8E42417138700D092C5 /* Window.h */ = {isa = PBXFileReference; lastKnownFileType = sourcecode.c.h; path = Window.h; sourceTree = "<group>"; };
		86DB096D24639EA00049F329 /* Shader.h */ = {isa = PBXFileReference; lastKnownFileType = sourcecode.c.h; path = Shader.h; sourceTree = "<group>"; };
/* End PBXFileReference section */

/* Begin PBXFrameworksBuildPhase section */
		8650E91623D6A772005661CB /* Frameworks */ = {
			isa = PBXFrameworksBuildPhase;
			buildActionMask = 2147483647;
			files = (
				864BA48423D6BB5F00D40423 /* libglfw.3.3.dylib in Frameworks */,
				864BA48223D6BAD000D40423 /* libGLEW.2.1.0.dylib in Frameworks */,
				8650E92523D6A7E2005661CB /* OpenGL.framework in Frameworks */,
			);
			runOnlyForDeploymentPostprocessing = 0;
		};
/* End PBXFrameworksBuildPhase section */

/* Begin PBXGroup section */
		864BD1892411AF1400FBB211 /* SOIL2 */ = {
			isa = PBXGroup;
			children = (
				864BD18A2411AF1400FBB211 /* image_helper.c */,
				864BD18B2411AF1400FBB211 /* stbi_pkm.h */,
				864BD18C2411AF1400FBB211 /* jo_jpeg.h */,
				864BD18D2411AF1400FBB211 /* wfETC.h */,
				864BD18E2411AF1400FBB211 /* image_DXT.c */,
				864BD18F2411AF1400FBB211 /* stb_image_write.h */,
				864BD1902411AF1400FBB211 /* SOIL2.c */,
				864BD1912411AF1400FBB211 /* pkm_helper.h */,
				864BD1922411AF1400FBB211 /* stbi_DDS_c.h */,
				864BD1932411AF1400FBB211 /* stbi_pvr.h */,
				864BD1942411AF1400FBB211 /* stbi_ext.h */,
				864BD1952411AF1400FBB211 /* stb_image.h */,
				864BD1962411AF1400FBB211 /* stbi_pvr_c.h */,
				864BD1972411AF1400FBB211 /* stbi_ext_c.h */,
				864BD1982411AF1400FBB211 /* image_helper.h */,
				864BD1992411AF1400FBB211 /* SOIL2.h */,
				864BD19A2411AF1400FBB211 /* wfETC.c */,
				864BD19B2411AF1400FBB211 /* image_DXT.h */,
				864BD19C2411AF1400FBB211 /* stbi_pkm_c.h */,
				864BD19D2411AF1400FBB211 /* stbi_DDS.h */,
				864BD19E2411AF1400FBB211 /* pvr_helper.h */,
			);
			path = SOIL2;
			sourceTree = "<group>";
		};
		8650E91023D6A772005661CB = {
			isa = PBXGroup;
			children = (
				8650E91B23D6A772005661CB /* GLFW Opengl */,
				8650E91A23D6A772005661CB /* Products */,
				8650E92323D6A7E1005661CB /* Frameworks */,
			);
			indentWidth = 3;
			sourceTree = "<group>";
		};
		8650E91A23D6A772005661CB /* Products */ = {
			isa = PBXGroup;
			children = (
				8650E91923D6A772005661CB /* GLFW Opengl */,
			);
			name = Products;
			sourceTree = "<group>";
		};
		8650E91B23D6A772005661CB /* GLFW Opengl */ = {
			isa = PBXGroup;
			children = (
				864BD1892411AF1400FBB211 /* SOIL2 */,
				8657005F23E921FA002F4BF5 /* Resources */,
				8650E91C23D6A772005661CB /* main.cpp */,
				86666DFF2458AED1008DD682 /* Block.cpp */,
				86666DFE2458A6DA008DD682 /* Block.h */,
				8616CACE243661540074ED0E /* Camera.h */,
				8616CACF243661A00074ED0E /* Camera.cpp */,
				86584C17244E310F008136FD /* glm */,
				8616CACB2433C02D0074ED0E /* Texture.cpp */,
				8616CACD2433C0390074ED0E /* Texture.h */,
				866BF8E22417137F00D092C5 /* Window.cpp */,
				86DB096D24639EA00049F329 /* Shader.h */,
				866BF8E42417138700D092C5 /* Window.h */,
				866BF8D924169B6500D092C5 /* Spec-Files */,
				866BF8D824169B5C00D092C5 /* Header-Files */,
			);
			path = "GLFW Opengl";
			sourceTree = "<group>";
		};
		8650E92323D6A7E1005661CB /* Frameworks */ = {
			isa = PBXGroup;
			children = (
				86584C15244E2EA4008136FD /* glm */,
				864BA48323D6BB5F00D40423 /* libglfw.3.3.dylib */,
				864BA48123D6BAD000D40423 /* libGLEW.2.1.0.dylib */,
				8650E92423D6A7E2005661CB /* OpenGL.framework */,
			);
			name = Frameworks;
			sourceTree = "<group>";
		};
/* End PBXGroup section */

/* Begin PBXNativeTarget section */
		8650E91823D6A772005661CB /* GLFW Opengl */ = {
			isa = PBXNativeTarget;
			buildConfigurationList = 8650E92023D6A773005661CB /* Build configuration list for PBXNativeTarget "GLFW Opengl" */;
			buildPhases = (
				8650E91523D6A772005661CB /* Sources */,
				8650E91623D6A772005661CB /* Frameworks */,
				8650E91723D6A772005661CB /* CopyFiles */,
				8657006023E9221F002F4BF5 /* Copy Files */,
			);
			buildRules = (
			);
			dependencies = (
			);
			name = "GLFW Opengl";
			productName = "GLFW Opengl";
			productReference = 8650E91923D6A772005661CB /* GLFW Opengl */;
			productType = "com.apple.product-type.tool";
		};
/* End PBXNativeTarget section */

/* Begin PBXProject section */
		8650E91123D6A772005661CB /* Project object */ = {
			isa = PBXProject;
			attributes = {
				LastUpgradeCheck = 1120;
				ORGANIZATIONNAME = Carter;
				TargetAttributes = {
					8650E91823D6A772005661CB = {
						CreatedOnToolsVersion = 11.2.1;
					};
				};
			};
			buildConfigurationList = 8650E91423D6A772005661CB /* Build configuration list for PBXProject "GLFW Opengl" */;
			compatibilityVersion = "Xcode 9.3";
			developmentRegion = en;
			hasScannedForEncodings = 0;
			knownRegions = (
				en,
				Base,
			);
			mainGroup = 8650E91023D6A772005661CB;
			productRefGroup = 8650E91A23D6A772005661CB /* Products */;
			projectDirPath = "";
			projectRoot = "";
			targets = (
				8650E91823D6A772005661CB /* GLFW Opengl */,
			);
		};
/* End PBXProject section */

/* Begin PBXSourcesBuildPhase section */
		8650E91523D6A772005661CB /* Sources */ = {
			isa = PBXSourcesBuildPhase;
			buildActionMask = 2147483647;
			files = (
				86666E002458AED1008DD682 /* Block.cpp in Sources */,
				864BD19F2411AF1400FBB211 /* image_helper.c in Sources */,
				8616CACC2433C02D0074ED0E /* Texture.cpp in Sources */,
				866BF8E32417137F00D092C5 /* Window.cpp in Sources */,
				8650E91D23D6A772005661CB /* main.cpp in Sources */,
				8616CAD0243661A00074ED0E /* Camera.cpp in Sources */,
				864BD1A02411AF1400FBB211 /* image_DXT.c in Sources */,
				864BD1A22411AF1400FBB211 /* wfETC.c in Sources */,
				864BD1A12411AF1400FBB211 /* SOIL2.c in Sources */,
			);
			runOnlyForDeploymentPostprocessing = 0;
		};
/* End PBXSourcesBuildPhase section */

/* Begin XCBuildConfiguration section */
		8650E91E23D6A772005661CB /* Debug */ = {
			isa = XCBuildConfiguration;
			buildSettings = {
				ALWAYS_SEARCH_USER_PATHS = NO;
				CLANG_ANALYZER_NONNULL = YES;
				CLANG_ANALYZER_NUMBER_OBJECT_CONVERSION = YES_AGGRESSIVE;
				CLANG_CXX_LANGUAGE_STANDARD = "gnu++14";
				CLANG_CXX_LIBRARY = "libc++";
				CLANG_ENABLE_MODULES = YES;
				CLANG_ENABLE_OBJC_ARC = YES;
				CLANG_ENABLE_OBJC_WEAK = YES;
				CLANG_WARN_BLOCK_CAPTURE_AUTORELEASING = YES;
				CLANG_WARN_BOOL_CONVERSION = YES;
				CLANG_WARN_COMMA = YES;
				CLANG_WARN_CONSTANT_CONVERSION = YES;
				CLANG_WARN_DEPRECATED_OBJC_IMPLEMENTATIONS = YES;
				CLANG_WARN_DIRECT_OBJC_ISA_USAGE = YES_ERROR;
				CLANG_WARN_DOCUMENTATION_COMMENTS = YES;
				CLANG_WARN_EMPTY_BODY = YES;
				CLANG_WARN_ENUM_CONVERSION = YES;
				CLANG_WARN_INFINITE_RECURSION = YES;
				CLANG_WARN_INT_CONVERSION = YES;
				CLANG_WARN_NON_LITERAL_NULL_CONVERSION = YES;
				CLANG_WARN_OBJC_IMPLICIT_RETAIN_SELF = YES;
				CLANG_WARN_OBJC_LITERAL_CONVERSION = YES;
				CLANG_WARN_OBJC_ROOT_CLASS = YES_ERROR;
				CLANG_WARN_RANGE_LOOP_ANALYSIS = YES;
				CLANG_WARN_STRICT_PROTOTYPES = YES;
				CLANG_WARN_SUSPICIOUS_MOVE = YES;
				CLANG_WARN_UNGUARDED_AVAILABILITY = YES_AGGRESSIVE;
				CLANG_WARN_UNREACHABLE_CODE = YES;
				CLANG_WARN__DUPLICATE_METHOD_MATCH = YES;
				COPY_PHASE_STRIP = NO;
				DEBUG_INFORMATION_FORMAT = dwarf;
				ENABLE_STRICT_OBJC_MSGSEND = YES;
				ENABLE_TESTABILITY = YES;
				GCC_C_LANGUAGE_STANDARD = gnu11;
				GCC_DYNAMIC_NO_PIC = NO;
				GCC_NO_COMMON_BLOCKS = YES;
				GCC_OPTIMIZATION_LEVEL = 0;
				GCC_PREPROCESSOR_DEFINITIONS = (
					"DEBUG=1",
					"$(inherited)",
				);
				GCC_WARN_64_TO_32_BIT_CONVERSION = YES;
				GCC_WARN_ABOUT_RETURN_TYPE = YES_ERROR;
				GCC_WARN_UNDECLARED_SELECTOR = YES;
				GCC_WARN_UNINITIALIZED_AUTOS = YES_AGGRESSIVE;
				GCC_WARN_UNUSED_FUNCTION = YES;
				GCC_WARN_UNUSED_VARIABLE = YES;
				HEADER_SEARCH_PATHS = (
					"/Users/tag1/Desktop/Glfw\\ Opengl",
					"-Luser/tag1/Desktop/GLFOLDER'\n '-L/usr/local/Cellar/glm/0.9.9.7/lib' -Luser/tag1/Desktop/GLFOLDER'",
					/usr/local/Cellar/glm/0.9.9.7/lib,
					/usr/local/include,
				);
				MACOSX_DEPLOYMENT_TARGET = 10.15;
				MTL_ENABLE_DEBUG_INFO = INCLUDE_SOURCE;
				MTL_FAST_MATH = YES;
				ONLY_ACTIVE_ARCH = YES;
				SDKROOT = macosx;
			};
			name = Debug;
		};
		8650E91F23D6A772005661CB /* Release */ = {
			isa = XCBuildConfiguration;
			buildSettings = {
				ALWAYS_SEARCH_USER_PATHS = NO;
				CLANG_ANALYZER_NONNULL = YES;
				CLANG_ANALYZER_NUMBER_OBJECT_CONVERSION = YES_AGGRESSIVE;
				CLANG_CXX_LANGUAGE_STANDARD = "gnu++14";
				CLANG_CXX_LIBRARY = "libc++";
				CLANG_ENABLE_MODULES = YES;
				CLANG_ENABLE_OBJC_ARC = YES;
				CLANG_ENABLE_OBJC_WEAK = YES;
				CLANG_WARN_BLOCK_CAPTURE_AUTORELEASING = YES;
				CLANG_WARN_BOOL_CONVERSION = YES;
				CLANG_WARN_COMMA = YES;
				CLANG_WARN_CONSTANT_CONVERSION = YES;
				CLANG_WARN_DEPRECATED_OBJC_IMPLEMENTATIONS = YES;
				CLANG_WARN_DIRECT_OBJC_ISA_USAGE = YES_ERROR;
				CLANG_WARN_DOCUMENTATION_COMMENTS = YES;
				CLANG_WARN_EMPTY_BODY = YES;
				CLANG_WARN_ENUM_CONVERSION = YES;
				CLANG_WARN_INFINITE_RECURSION = YES;
				CLANG_WARN_INT_CONVERSION = YES;
				CLANG_WARN_NON_LITERAL_NULL_CONVERSION = YES;
				CLANG_WARN_OBJC_IMPLICIT_RETAIN_SELF = YES;
				CLANG_WARN_OBJC_LITERAL_CONVERSION = YES;
				CLANG_WARN_OBJC_ROOT_CLASS = YES_ERROR;
				CLANG_WARN_RANGE_LOOP_ANALYSIS = YES;
				CLANG_WARN_STRICT_PROTOTYPES = YES;
				CLANG_WARN_SUSPICIOUS_MOVE = YES;
				CLANG_WARN_UNGUARDED_AVAILABILITY = YES_AGGRESSIVE;
				CLANG_WARN_UNREACHABLE_CODE = YES;
				CLANG_WARN__DUPLICATE_METHOD_MATCH = YES;
				COPY_PHASE_STRIP = NO;
				DEBUG_INFORMATION_FORMAT = "dwarf-with-dsym";
				ENABLE_NS_ASSERTIONS = NO;
				ENABLE_STRICT_OBJC_MSGSEND = YES;
				GCC_C_LANGUAGE_STANDARD = gnu11;
				GCC_NO_COMMON_BLOCKS = YES;
				GCC_WARN_64_TO_32_BIT_CONVERSION = YES;
				GCC_WARN_ABOUT_RETURN_TYPE = YES_ERROR;
				GCC_WARN_UNDECLARED_SELECTOR = YES;
				GCC_WARN_UNINITIALIZED_AUTOS = YES_AGGRESSIVE;
				GCC_WARN_UNUSED_FUNCTION = YES;
				GCC_WARN_UNUSED_VARIABLE = YES;
				HEADER_SEARCH_PATHS = (
					"/Users/tag1/Desktop/Glfw\\ Opengl",
					"-Luser/tag1/Desktop/GLFOLDER'\n '-L/usr/local/Cellar/glm/0.9.9.7/lib' -Luser/tag1/Desktop/GLFOLDER'",
					/usr/local/Cellar/glm/0.9.9.7/lib,
					/usr/local/include,
				);
				MACOSX_DEPLOYMENT_TARGET = 10.15;
				MTL_ENABLE_DEBUG_INFO = NO;
				MTL_FAST_MATH = YES;
				SDKROOT = macosx;
			};
			name = Release;
		};
		8650E92123D6A773005661CB /* Debug */ = {
			isa = XCBuildConfiguration;
			buildSettings = {
				CODE_SIGN_STYLE = Automatic;
				HEADER_SEARCH_PATHS = (
					/usr/local/include,
					"/usr/tag1/desktop/GLFW-Opengl",
					"/usr/tag1/desktop/GLFW-Opengl/Header-Files",
					/usr/local/Cellar/glm/0.9.9.7/lib,
				);
				LIBRARY_SEARCH_PATHS = (
					"$(inherited)",
					/usr/local/Cellar/glew/2.1.0_1/lib,
					/usr/local/Cellar/glfw/3.3.1/lib,
					user/tag1/Desktop/GLFOLDER,
					/usr/local/Cellar/glm/0.9.9.7/lib,
					/usr/local/include,
				);
				PRODUCT_NAME = "$(TARGET_NAME)";
			};
			name = Debug;
		};
		8650E92223D6A773005661CB /* Release */ = {
			isa = XCBuildConfiguration;
			buildSettings = {
				CODE_SIGN_STYLE = Automatic;
				HEADER_SEARCH_PATHS = (
					/usr/local/include,
					"/usr/tag1/desktop/GLFW-Opengl",
					"/usr/tag1/desktop/GLFW-Opengl/Header-Files",
					/usr/local/Cellar/glm/0.9.9.7/lib,
				);
				LIBRARY_SEARCH_PATHS = (
					"$(inherited)",
					/usr/local/Cellar/glew/2.1.0_1/lib,
					/usr/local/Cellar/glfw/3.3.1/lib,
					user/tag1/Desktop/GLFOLDER,
					/usr/local/Cellar/glm/0.9.9.7/lib,
					/usr/local/include,
				);
				PRODUCT_NAME = "$(TARGET_NAME)";
			};
			name = Release;
		};
/* End XCBuildConfiguration section */

/* Begin XCConfigurationList section */
		8650E91423D6A772005661CB /* Build configuration list for PBXProject "GLFW Opengl" */ = {
			isa = XCConfigurationList;
			buildConfigurations = (
				8650E91E23D6A772005661CB /* Debug */,
				8650E91F23D6A772005661CB /* Release */,
			);
			defaultConfigurationIsVisible = 0;
			defaultConfigurationName = Release;
		};
		8650E92023D6A773005661CB /* Build configuration list for PBXNativeTarget "GLFW Opengl" */ = {
			isa = XCConfigurationList;
			buildConfigurations = (
				8650E92123D6A773005661CB /* Debug */,
				8650E92223D6A773005661CB /* Release */,
			);
			defaultConfigurationIsVisible = 0;
			defaultConfigurationName = Release;
		};
/* End XCConfigurationList section */
	};
	rootObject = 8650E91123D6A772005661CB /* Project object */;
}
